
Microsoft Visual Studio Solution File, Format Version 12.00
# Visual Studio 2013
VisualStudioVersion = 12.0.30501.0
MinimumVisualStudioVersion = 10.0.40219.1
Project("{FAE04EC0-301F-11D3-BF4B-00C04F79EFBC}") = "Lonerevision", "Lonerevision\Lonerevision.csproj", "{BFEAB8C2-3C58-430C-9D84-F984B7E187F2}"
EndProject
Global
	GlobalSection(SolutionConfigurationPlatforms) = preSolution
		Debug|Any CPU = Debug|Any CPU
		Release|Any CPU = Release|Any CPU
	EndGlobalSection
	GlobalSection(ProjectConfigurationPlatforms) = postSolution
		{BFEAB8C2-3C58-430C-9D84-F984B7E187F2}.Debug|Any CPU.ActiveCfg = Debug|Any CPU
		{BFEAB8C2-3C58-430C-9D84-F984B7E187F2}.Debug|Any CPU.Build.0 = Debug|Any CPU
		{BFEAB8C2-3C58-430C-9D84-F984B7E187F2}.Release|Any CPU.ActiveCfg = Release|Any CPU
		{BFEAB8C2-3C58-430C-9D84-F984B7E187F2}.Release|Any CPU.Build.0 = Release|Any CPU
	EndGlobalSection
	GlobalSection(SolutionProperties) = preSolution
		HideSolutionNode = FALSE
	EndGlobalSection
EndGlobal
